
Microsoft Visual Studio Solution File, Format Version 12.00
# Visual Studio Version 16
VisualStudioVersion = 16.0.30309.148
MinimumVisualStudioVersion = 10.0.40219.1
Project("{FAE04EC0-301F-11D3-BF4B-00C04F79EFBC}") = "Project-FDZZ", "Project-FDZZ.csproj", "{DEC29170-3189-4817-9EE5-5FCC04EF14F1}"
EndProject
Global
	GlobalSection(SolutionConfigurationPlatforms) = preSolution
		Debug|Any CPU = Debug|Any CPU
		Release|Any CPU = Release|Any CPU
	EndGlobalSection
	GlobalSection(ProjectConfigurationPlatforms) = postSolution
		{DEC29170-3189-4817-9EE5-5FCC04EF14F1}.Debug|Any CPU.ActiveCfg = Debug|Any CPU
		{DEC29170-3189-4817-9EE5-5FCC04EF14F1}.Debug|Any CPU.Build.0 = Debug|Any CPU
		{DEC29170-3189-4817-9EE5-5FCC04EF14F1}.Release|Any CPU.ActiveCfg = Release|Any CPU
		{DEC29170-3189-4817-9EE5-5FCC04EF14F1}.Release|Any CPU.Build.0 = Release|Any CPU
	EndGlobalSection
	GlobalSection(SolutionProperties) = preSolution
		HideSolutionNode = FALSE
	EndGlobalSection
	GlobalSection(ExtensibilityGlobals) = postSolution
		SolutionGuid = {A30474AB-D964-403B-B1EF-A149752BE7BC}
	EndGlobalSection
EndGlobal
